
Microsoft Visual Studio Solution File, Format Version 12.00
# Visual Studio Version 16
VisualStudioVersion = 16.0.30517.126
MinimumVisualStudioVersion = 10.0.40219.1
Project("{FAE04EC0-301F-11D3-BF4B-00C04F79EFBC}") = "Jacobs_Kevin_2IMSB_Linear_Probing", "Jacobs_Kevin_2IMSB_Linear_Probing\Jacobs_Kevin_2IMSB_Linear_Probing.csproj", "{A0014D15-6584-4C2E-8295-ADC099C57084}"
EndProject
Global
	GlobalSection(SolutionConfigurationPlatforms) = preSolution
		Debug|Any CPU = Debug|Any CPU
		Release|Any CPU = Release|Any CPU
	EndGlobalSection
	GlobalSection(ProjectConfigurationPlatforms) = postSolution
		{A0014D15-6584-4C2E-8295-ADC099C57084}.Debug|Any CPU.ActiveCfg = Debug|Any CPU
		{A0014D15-6584-4C2E-8295-ADC099C57084}.Debug|Any CPU.Build.0 = Debug|Any CPU
		{A0014D15-6584-4C2E-8295-ADC099C57084}.Release|Any CPU.ActiveCfg = Release|Any CPU
		{A0014D15-6584-4C2E-8295-ADC099C57084}.Release|Any CPU.Build.0 = Release|Any CPU
	EndGlobalSection
	GlobalSection(SolutionProperties) = preSolution
		HideSolutionNode = FALSE
	EndGlobalSection
	GlobalSection(ExtensibilityGlobals) = postSolution
		SolutionGuid = {872F86CD-ED78-4A50-AE8E-B068D7793412}
	EndGlobalSection
EndGlobal
