
Microsoft Visual Studio Solution File, Format Version 12.00
# Visual Studio Version 16
VisualStudioVersion = 16.0.30517.126
MinimumVisualStudioVersion = 10.0.40219.1
Project("{FAE04EC0-301F-11D3-BF4B-00C04F79EFBC}") = "Jacobs_Kevin_2IMSB_Big_Brother", "Jacobs_Kevin_2IMSB_Big_Brother\Jacobs_Kevin_2IMSB_Big_Brother.csproj", "{C4A1EC80-E9A9-41FD-B7F3-ABCEE0BE15EF}"
EndProject
Global
	GlobalSection(SolutionConfigurationPlatforms) = preSolution
		Debug|Any CPU = Debug|Any CPU
		Release|Any CPU = Release|Any CPU
	EndGlobalSection
	GlobalSection(ProjectConfigurationPlatforms) = postSolution
		{C4A1EC80-E9A9-41FD-B7F3-ABCEE0BE15EF}.Debug|Any CPU.ActiveCfg = Debug|Any CPU
		{C4A1EC80-E9A9-41FD-B7F3-ABCEE0BE15EF}.Debug|Any CPU.Build.0 = Debug|Any CPU
		{C4A1EC80-E9A9-41FD-B7F3-ABCEE0BE15EF}.Release|Any CPU.ActiveCfg = Release|Any CPU
		{C4A1EC80-E9A9-41FD-B7F3-ABCEE0BE15EF}.Release|Any CPU.Build.0 = Release|Any CPU
	EndGlobalSection
	GlobalSection(SolutionProperties) = preSolution
		HideSolutionNode = FALSE
	EndGlobalSection
	GlobalSection(ExtensibilityGlobals) = postSolution
		SolutionGuid = {CBF2D8A4-9E13-4393-8827-838D25833F15}
	EndGlobalSection
EndGlobal
