
Microsoft Visual Studio Solution File, Format Version 12.00
# Visual Studio Version 16
VisualStudioVersion = 16.0.30517.126
MinimumVisualStudioVersion = 10.0.40219.1
Project("{FAE04EC0-301F-11D3-BF4B-00C04F79EFBC}") = "Find_the_X", "Find_the_X\Find_the_X.csproj", "{1B84CFB6-F078-44AE-BCCE-E1325CC08838}"
EndProject
Global
	GlobalSection(SolutionConfigurationPlatforms) = preSolution
		Debug|Any CPU = Debug|Any CPU
		Release|Any CPU = Release|Any CPU
	EndGlobalSection
	GlobalSection(ProjectConfigurationPlatforms) = postSolution
		{1B84CFB6-F078-44AE-BCCE-E1325CC08838}.Debug|Any CPU.ActiveCfg = Debug|Any CPU
		{1B84CFB6-F078-44AE-BCCE-E1325CC08838}.Debug|Any CPU.Build.0 = Debug|Any CPU
		{1B84CFB6-F078-44AE-BCCE-E1325CC08838}.Release|Any CPU.ActiveCfg = Release|Any CPU
		{1B84CFB6-F078-44AE-BCCE-E1325CC08838}.Release|Any CPU.Build.0 = Release|Any CPU
	EndGlobalSection
	GlobalSection(SolutionProperties) = preSolution
		HideSolutionNode = FALSE
	EndGlobalSection
	GlobalSection(ExtensibilityGlobals) = postSolution
		SolutionGuid = {38064F42-73BF-4ECD-A771-F15A2B45FC31}
	EndGlobalSection
EndGlobal
